
Microsoft Visual Studio Solution File, Format Version 12.00
# Visual Studio Version 16
VisualStudioVersion = 16.0.30621.155
MinimumVisualStudioVersion = 10.0.40219.1
Project("{2150E333-8FDC-42A3-9474-1A3956D46DE8}") = "Microservices", "Microservices", "{8B754859-DA52-4D6F-A15D-13A225FC3209}"
EndProject
Project("{2150E333-8FDC-42A3-9474-1A3956D46DE8}") = "Domain", "Domain", "{34BF0885-4703-4A50-AADB-2363B64F0022}"
EndProject
Project("{2150E333-8FDC-42A3-9474-1A3956D46DE8}") = "Infra.Bus", "Infra.Bus", "{9D7A20C5-9168-46AA-A946-C43C9E039919}"
EndProject
Project("{2150E333-8FDC-42A3-9474-1A3956D46DE8}") = "Infra.IoC", "Infra.IoC", "{35866B13-7CB4-4593-81D7-6DA3F55562D0}"
EndProject
Project("{2150E333-8FDC-42A3-9474-1A3956D46DE8}") = "Presentation", "Presentation", "{4AC91518-3A5E-4E05-B1B5-63C12109CEDE}"
EndProject
Project("{9A19103F-16F7-4668-BE54-9A1E7A4F7556}") = "MicroRabbit.Domain.Core", "MicroRabbit.Domain.Core\MicroRabbit.Domain.Core.csproj", "{9A371FB5-88D0-46FA-9DE6-2FFA3D352BE8}"
EndProject
Project("{9A19103F-16F7-4668-BE54-9A1E7A4F7556}") = "MicroRabbit.Infra.Bus", "MicroRabbit.Infra.Bus\MicroRabbit.Infra.Bus.csproj", "{7646569E-3B40-4D2E-9EC7-B9E0252489E9}"
EndProject
Project("{9A19103F-16F7-4668-BE54-9A1E7A4F7556}") = "MicroRabbit.Infra.IoC", "MicroRabbit.Infra.IoC\MicroRabbit.Infra.IoC.csproj", "{EBE53907-9873-4AA3-A5F1-EF52FE9342ED}"
EndProject
Project("{2150E333-8FDC-42A3-9474-1A3956D46DE8}") = "Banking", "Banking", "{99BC3E06-8C30-41F9-91CF-3CA974CAF307}"
EndProject
Project("{2150E333-8FDC-42A3-9474-1A3956D46DE8}") = "Api", "Api", "{7416B52E-D589-44C9-BCBA-B27C597AFC5D}"
EndProject
Project("{2150E333-8FDC-42A3-9474-1A3956D46DE8}") = "Domain", "Domain", "{CF7EFC7F-3E76-4A2A-A61B-DE74717B5886}"
EndProject
Project("{2150E333-8FDC-42A3-9474-1A3956D46DE8}") = "Application", "Application", "{D1F26414-1C4C-4020-B68E-FAB6855632B5}"
EndProject
Project("{2150E333-8FDC-42A3-9474-1A3956D46DE8}") = "Data", "Data", "{ABA0C7A0-E393-44B2-AF76-9A7557014D89}"
EndProject
Project("{9A19103F-16F7-4668-BE54-9A1E7A4F7556}") = "MicroRabbit.Banking.Api", "MicroRabbit.Banking.Api\MicroRabbit.Banking.Api.csproj", "{94F29735-4F67-4C38-86E4-7E00647A280F}"
EndProject
Project("{9A19103F-16F7-4668-BE54-9A1E7A4F7556}") = "MicroRabbit.Banking.Application", "MicroRabbit.Banking.Application\MicroRabbit.Banking.Application.csproj", "{D68845B6-E966-4C80-B507-A0BC25F41665}"
EndProject
Project("{9A19103F-16F7-4668-BE54-9A1E7A4F7556}") = "MicroRabbit.Banking.Data", "MicroRabbit.Banking.Data\MicroRabbit.Banking.Data.csproj", "{47DB7AF9-EE4F-4881-AFB3-9EA8235AD50E}"
EndProject
Project("{9A19103F-16F7-4668-BE54-9A1E7A4F7556}") = "MicroRabbit.Banking.Domain", "MicroRabbit.Banking.Domain\MicroRabbit.Banking.Domain.csproj", "{A8B34ED7-6DF0-41C2-8476-4B0BECD32E2A}"
EndProject
Project("{2150E333-8FDC-42A3-9474-1A3956D46DE8}") = "Transfer", "Transfer", "{17958F6F-C284-40F9-8279-7F24B523EDDF}"
EndProject
Project("{2150E333-8FDC-42A3-9474-1A3956D46DE8}") = "Api", "Api", "{FAF295E0-4614-40F4-A0DC-6C2909C58962}"
EndProject
Project("{2150E333-8FDC-42A3-9474-1A3956D46DE8}") = "Application", "Application", "{825DBE42-A213-412E-8C50-BA698F79D9ED}"
EndProject
Project("{2150E333-8FDC-42A3-9474-1A3956D46DE8}") = "Data", "Data", "{2DB930FF-5EFF-48B5-A559-15221BBACE64}"
EndProject
Project("{2150E333-8FDC-42A3-9474-1A3956D46DE8}") = "Domain", "Domain", "{BB8CB8AE-86D0-4411-BF98-2CD45EBA8587}"
EndProject
Project("{FAE04EC0-301F-11D3-BF4B-00C04F79EFBC}") = "MicroRabbit.Transfer.Api", "MicroRabbit.Transfer.Api\MicroRabbit.Transfer.Api.csproj", "{1265E5AD-541A-4B87-B978-913C96BE90A9}"
EndProject
Project("{FAE04EC0-301F-11D3-BF4B-00C04F79EFBC}") = "MicroRabbit.Transfer.Application", "MicroRabbit.Transfer.Application\MicroRabbit.Transfer.Application.csproj", "{8C99C914-079B-4739-9C32-1C940C6135F5}"
EndProject
Project("{FAE04EC0-301F-11D3-BF4B-00C04F79EFBC}") = "MicroRabbit.Transfer.Data", "MicroRabbit.Transfer.Data\MicroRabbit.Transfer.Data.csproj", "{0EEDD6B1-C709-481C-89E1-9A47C611F264}"
EndProject
Project("{FAE04EC0-301F-11D3-BF4B-00C04F79EFBC}") = "MicroRabbit.Transfer.Domain", "MicroRabbit.Transfer.Domain\MicroRabbit.Transfer.Domain.csproj", "{4DE522B0-3AA6-4DD6-A16B-4A98C9D77809}"
EndProject
Global
	GlobalSection(SolutionConfigurationPlatforms) = preSolution
		Debug|Any CPU = Debug|Any CPU
		Release|Any CPU = Release|Any CPU
	EndGlobalSection
	GlobalSection(ProjectConfigurationPlatforms) = postSolution
		{9A371FB5-88D0-46FA-9DE6-2FFA3D352BE8}.Debug|Any CPU.ActiveCfg = Debug|Any CPU
		{9A371FB5-88D0-46FA-9DE6-2FFA3D352BE8}.Debug|Any CPU.Build.0 = Debug|Any CPU
		{9A371FB5-88D0-46FA-9DE6-2FFA3D352BE8}.Release|Any CPU.ActiveCfg = Release|Any CPU
		{9A371FB5-88D0-46FA-9DE6-2FFA3D352BE8}.Release|Any CPU.Build.0 = Release|Any CPU
		{7646569E-3B40-4D2E-9EC7-B9E0252489E9}.Debug|Any CPU.ActiveCfg = Debug|Any CPU
		{7646569E-3B40-4D2E-9EC7-B9E0252489E9}.Debug|Any CPU.Build.0 = Debug|Any CPU
		{7646569E-3B40-4D2E-9EC7-B9E0252489E9}.Release|Any CPU.ActiveCfg = Release|Any CPU
		{7646569E-3B40-4D2E-9EC7-B9E0252489E9}.Release|Any CPU.Build.0 = Release|Any CPU
		{EBE53907-9873-4AA3-A5F1-EF52FE9342ED}.Debug|Any CPU.ActiveCfg = Debug|Any CPU
		{EBE53907-9873-4AA3-A5F1-EF52FE9342ED}.Debug|Any CPU.Build.0 = Debug|Any CPU
		{EBE53907-9873-4AA3-A5F1-EF52FE9342ED}.Release|Any CPU.ActiveCfg = Release|Any CPU
		{EBE53907-9873-4AA3-A5F1-EF52FE9342ED}.Release|Any CPU.Build.0 = Release|Any CPU
		{94F29735-4F67-4C38-86E4-7E00647A280F}.Debug|Any CPU.ActiveCfg = Debug|Any CPU
		{94F29735-4F67-4C38-86E4-7E00647A280F}.Debug|Any CPU.Build.0 = Debug|Any CPU
		{94F29735-4F67-4C38-86E4-7E00647A280F}.Release|Any CPU.ActiveCfg = Release|Any CPU
		{94F29735-4F67-4C38-86E4-7E00647A280F}.Release|Any CPU.Build.0 = Release|Any CPU
		{D68845B6-E966-4C80-B507-A0BC25F41665}.Debug|Any CPU.ActiveCfg = Debug|Any CPU
		{D68845B6-E966-4C80-B507-A0BC25F41665}.Debug|Any CPU.Build.0 = Debug|Any CPU
		{D68845B6-E966-4C80-B507-A0BC25F41665}.Release|Any CPU.ActiveCfg = Release|Any CPU
		{D68845B6-E966-4C80-B507-A0BC25F41665}.Release|Any CPU.Build.0 = Release|Any CPU
		{47DB7AF9-EE4F-4881-AFB3-9EA8235AD50E}.Debug|Any CPU.ActiveCfg = Debug|Any CPU
		{47DB7AF9-EE4F-4881-AFB3-9EA8235AD50E}.Debug|Any CPU.Build.0 = Debug|Any CPU
		{47DB7AF9-EE4F-4881-AFB3-9EA8235AD50E}.Release|Any CPU.ActiveCfg = Release|Any CPU
		{47DB7AF9-EE4F-4881-AFB3-9EA8235AD50E}.Release|Any CPU.Build.0 = Release|Any CPU
		{A8B34ED7-6DF0-41C2-8476-4B0BECD32E2A}.Debug|Any CPU.ActiveCfg = Debug|Any CPU
		{A8B34ED7-6DF0-41C2-8476-4B0BECD32E2A}.Debug|Any CPU.Build.0 = Debug|Any CPU
		{A8B34ED7-6DF0-41C2-8476-4B0BECD32E2A}.Release|Any CPU.ActiveCfg = Release|Any CPU
		{A8B34ED7-6DF0-41C2-8476-4B0BECD32E2A}.Release|Any CPU.Build.0 = Release|Any CPU
		{1265E5AD-541A-4B87-B978-913C96BE90A9}.Debug|Any CPU.ActiveCfg = Debug|Any CPU
		{1265E5AD-541A-4B87-B978-913C96BE90A9}.Debug|Any CPU.Build.0 = Debug|Any CPU
		{1265E5AD-541A-4B87-B978-913C96BE90A9}.Release|Any CPU.ActiveCfg = Release|Any CPU
		{1265E5AD-541A-4B87-B978-913C96BE90A9}.Release|Any CPU.Build.0 = Release|Any CPU
		{8C99C914-079B-4739-9C32-1C940C6135F5}.Debug|Any CPU.ActiveCfg = Debug|Any CPU
		{8C99C914-079B-4739-9C32-1C940C6135F5}.Debug|Any CPU.Build.0 = Debug|Any CPU
		{8C99C914-079B-4739-9C32-1C940C6135F5}.Release|Any CPU.ActiveCfg = Release|Any CPU
		{8C99C914-079B-4739-9C32-1C940C6135F5}.Release|Any CPU.Build.0 = Release|Any CPU
		{0EEDD6B1-C709-481C-89E1-9A47C611F264}.Debug|Any CPU.ActiveCfg = Debug|Any CPU
		{0EEDD6B1-C709-481C-89E1-9A47C611F264}.Debug|Any CPU.Build.0 = Debug|Any CPU
		{0EEDD6B1-C709-481C-89E1-9A47C611F264}.Release|Any CPU.ActiveCfg = Release|Any CPU
		{0EEDD6B1-C709-481C-89E1-9A47C611F264}.Release|Any CPU.Build.0 = Release|Any CPU
		{4DE522B0-3AA6-4DD6-A16B-4A98C9D77809}.Debug|Any CPU.ActiveCfg = Debug|Any CPU
		{4DE522B0-3AA6-4DD6-A16B-4A98C9D77809}.Debug|Any CPU.Build.0 = Debug|Any CPU
		{4DE522B0-3AA6-4DD6-A16B-4A98C9D77809}.Release|Any CPU.ActiveCfg = Release|Any CPU
		{4DE522B0-3AA6-4DD6-A16B-4A98C9D77809}.Release|Any CPU.Build.0 = Release|Any CPU
	EndGlobalSection
	GlobalSection(SolutionProperties) = preSolution
		HideSolutionNode = FALSE
	EndGlobalSection
	GlobalSection(NestedProjects) = preSolution
		{9A371FB5-88D0-46FA-9DE6-2FFA3D352BE8} = {34BF0885-4703-4A50-AADB-2363B64F0022}
		{7646569E-3B40-4D2E-9EC7-B9E0252489E9} = {9D7A20C5-9168-46AA-A946-C43C9E039919}
		{EBE53907-9873-4AA3-A5F1-EF52FE9342ED} = {35866B13-7CB4-4593-81D7-6DA3F55562D0}
		{99BC3E06-8C30-41F9-91CF-3CA974CAF307} = {8B754859-DA52-4D6F-A15D-13A225FC3209}
		{7416B52E-D589-44C9-BCBA-B27C597AFC5D} = {99BC3E06-8C30-41F9-91CF-3CA974CAF307}
		{CF7EFC7F-3E76-4A2A-A61B-DE74717B5886} = {99BC3E06-8C30-41F9-91CF-3CA974CAF307}
		{D1F26414-1C4C-4020-B68E-FAB6855632B5} = {99BC3E06-8C30-41F9-91CF-3CA974CAF307}
		{ABA0C7A0-E393-44B2-AF76-9A7557014D89} = {99BC3E06-8C30-41F9-91CF-3CA974CAF307}
		{94F29735-4F67-4C38-86E4-7E00647A280F} = {7416B52E-D589-44C9-BCBA-B27C597AFC5D}
		{D68845B6-E966-4C80-B507-A0BC25F41665} = {D1F26414-1C4C-4020-B68E-FAB6855632B5}
		{47DB7AF9-EE4F-4881-AFB3-9EA8235AD50E} = {ABA0C7A0-E393-44B2-AF76-9A7557014D89}
		{A8B34ED7-6DF0-41C2-8476-4B0BECD32E2A} = {CF7EFC7F-3E76-4A2A-A61B-DE74717B5886}
		{17958F6F-C284-40F9-8279-7F24B523EDDF} = {8B754859-DA52-4D6F-A15D-13A225FC3209}
		{FAF295E0-4614-40F4-A0DC-6C2909C58962} = {17958F6F-C284-40F9-8279-7F24B523EDDF}
		{825DBE42-A213-412E-8C50-BA698F79D9ED} = {17958F6F-C284-40F9-8279-7F24B523EDDF}
		{2DB930FF-5EFF-48B5-A559-15221BBACE64} = {17958F6F-C284-40F9-8279-7F24B523EDDF}
		{BB8CB8AE-86D0-4411-BF98-2CD45EBA8587} = {17958F6F-C284-40F9-8279-7F24B523EDDF}
		{1265E5AD-541A-4B87-B978-913C96BE90A9} = {FAF295E0-4614-40F4-A0DC-6C2909C58962}
		{8C99C914-079B-4739-9C32-1C940C6135F5} = {825DBE42-A213-412E-8C50-BA698F79D9ED}
		{0EEDD6B1-C709-481C-89E1-9A47C611F264} = {2DB930FF-5EFF-48B5-A559-15221BBACE64}
		{4DE522B0-3AA6-4DD6-A16B-4A98C9D77809} = {BB8CB8AE-86D0-4411-BF98-2CD45EBA8587}
	EndGlobalSection
	GlobalSection(ExtensibilityGlobals) = postSolution
		SolutionGuid = {E07618A2-6038-47B2-845B-FD6A763173C6}
	EndGlobalSection
EndGlobal
